
Microsoft Visual Studio Solution File, Format Version 12.00
# Visual Studio Version 17
VisualStudioVersion = 17.5.33414.496
MinimumVisualStudioVersion = 10.0.40219.1
Project("{FAE04EC0-301F-11D3-BF4B-00C04F79EFBC}") = "DBFirstApp", "DBFirstApp\DBFirstApp.csproj", "{CD8B504A-A708-4972-AD72-69D6AE3C3263}"
EndProject
Global
	GlobalSection(SolutionConfigurationPlatforms) = preSolution
		Debug|Any CPU = Debug|Any CPU
		Release|Any CPU = Release|Any CPU
	EndGlobalSection
	GlobalSection(ProjectConfigurationPlatforms) = postSolution
		{CD8B504A-A708-4972-AD72-69D6AE3C3263}.Debug|Any CPU.ActiveCfg = Debug|Any CPU
		{CD8B504A-A708-4972-AD72-69D6AE3C3263}.Debug|Any CPU.Build.0 = Debug|Any CPU
		{CD8B504A-A708-4972-AD72-69D6AE3C3263}.Release|Any CPU.ActiveCfg = Release|Any CPU
		{CD8B504A-A708-4972-AD72-69D6AE3C3263}.Release|Any CPU.Build.0 = Release|Any CPU
	EndGlobalSection
	GlobalSection(SolutionProperties) = preSolution
		HideSolutionNode = FALSE
	EndGlobalSection
	GlobalSection(ExtensibilityGlobals) = postSolution
		SolutionGuid = {35604281-C74C-454D-BAF7-B904185154D2}
	EndGlobalSection
EndGlobal
